
Microsoft Visual Studio Solution File, Format Version 12.00
# Visual Studio Version 17
VisualStudioVersion = 17.14.36518.9 d17.14
MinimumVisualStudioVersion = 10.0.40219.1
Project("{FAE04EC0-301F-11D3-BF4B-00C04F79EFBC}") = "Proyecto Tacos Gomez", "Proyecto Tacos Gomez.csproj", "{563F5AAC-DA50-443C-B676-3E24A1DD673F}"
EndProject
Global
	GlobalSection(SolutionConfigurationPlatforms) = preSolution
		Debug|Any CPU = Debug|Any CPU
		Release|Any CPU = Release|Any CPU
	EndGlobalSection
	GlobalSection(ProjectConfigurationPlatforms) = postSolution
		{563F5AAC-DA50-443C-B676-3E24A1DD673F}.Debug|Any CPU.ActiveCfg = Debug|Any CPU
		{563F5AAC-DA50-443C-B676-3E24A1DD673F}.Debug|Any CPU.Build.0 = Debug|Any CPU
		{563F5AAC-DA50-443C-B676-3E24A1DD673F}.Release|Any CPU.ActiveCfg = Release|Any CPU
		{563F5AAC-DA50-443C-B676-3E24A1DD673F}.Release|Any CPU.Build.0 = Release|Any CPU
	EndGlobalSection
	GlobalSection(SolutionProperties) = preSolution
		HideSolutionNode = FALSE
	EndGlobalSection
	GlobalSection(ExtensibilityGlobals) = postSolution
		SolutionGuid = {FDB5A257-5A14-413D-9FE7-5BFA99845EC2}
	EndGlobalSection
EndGlobal
